
Microsoft Visual Studio Solution File, Format Version 12.00
# Visual Studio Version 16
VisualStudioVersion = 16.0.30907.101
MinimumVisualStudioVersion = 10.0.40219.1
Project("{2150E333-8FDC-42A3-9474-1A3956D46DE8}") = "Core", "Core", "{95DC0D62-DB8F-4D48-80E5-8A27BD255BC7}"
EndProject
Project("{2150E333-8FDC-42A3-9474-1A3956D46DE8}") = "Infrastructure", "Infrastructure", "{E5A5663B-963D-45F2-AEF8-73D2B8BF7378}"
EndProject
Project("{2150E333-8FDC-42A3-9474-1A3956D46DE8}") = "Presentation", "Presentation", "{BE677F61-E4A7-425B-8802-D0E79F849615}"
EndProject
Project("{9A19103F-16F7-4668-BE54-9A1E7A4F7556}") = "Application", "Application\Application.csproj", "{EA5014E0-3AD0-4282-90C3-573B1BDAFF01}"
EndProject
Project("{9A19103F-16F7-4668-BE54-9A1E7A4F7556}") = "Domain", "Domain\Domain.csproj", "{A04E6051-0478-42DF-ABE1-B56DBE06266A}"
EndProject
Project("{9A19103F-16F7-4668-BE54-9A1E7A4F7556}") = "Persistence", "Persistence\Persistence.csproj", "{8AC98404-1927-4D6C-86A9-DC78B1CD7DD2}"
EndProject
Project("{9A19103F-16F7-4668-BE54-9A1E7A4F7556}") = "WebApi", "WebApi\WebApi\WebApi.csproj", "{6D1B103A-DD68-4AC3-A6A8-3232C2D6BD6E}"
EndProject
Project("{9A19103F-16F7-4668-BE54-9A1E7A4F7556}") = "Domain.Test", "Domain.Test\Domain.Test.csproj", "{F15EAE5D-A930-42F9-B518-7DEE40D176FE}"
EndProject
Project("{9A19103F-16F7-4668-BE54-9A1E7A4F7556}") = "Application.Tests", "Application.Tests\Application.Tests.csproj", "{811C51CF-E191-4E06-8808-6B008F4C9718}"
EndProject
Project("{9A19103F-16F7-4668-BE54-9A1E7A4F7556}") = "WebApi.Tests", "WebApi.Tests\WebApi.Tests.csproj", "{4EEC9C44-9BDA-45A6-B87E-587B766EF6E1}"
EndProject
Project("{9A19103F-16F7-4668-BE54-9A1E7A4F7556}") = "Shared", "Shared\Shared.csproj", "{18940BD1-2599-4E0D-8A31-F4A721DA363B}"
EndProject
Project("{2150E333-8FDC-42A3-9474-1A3956D46DE8}") = "Tests", "Tests", "{5F73B212-6EFE-4B59-AFF2-1A17CDC2FB87}"
EndProject
Project("{2150E333-8FDC-42A3-9474-1A3956D46DE8}") = "src", "src", "{E19A7CE8-935D-41AA-A4A5-643418365070}"
EndProject
Global
	GlobalSection(SolutionConfigurationPlatforms) = preSolution
		Debug|Any CPU = Debug|Any CPU
		Release|Any CPU = Release|Any CPU
	EndGlobalSection
	GlobalSection(ProjectConfigurationPlatforms) = postSolution
		{EA5014E0-3AD0-4282-90C3-573B1BDAFF01}.Debug|Any CPU.ActiveCfg = Debug|Any CPU
		{EA5014E0-3AD0-4282-90C3-573B1BDAFF01}.Debug|Any CPU.Build.0 = Debug|Any CPU
		{EA5014E0-3AD0-4282-90C3-573B1BDAFF01}.Release|Any CPU.ActiveCfg = Release|Any CPU
		{EA5014E0-3AD0-4282-90C3-573B1BDAFF01}.Release|Any CPU.Build.0 = Release|Any CPU
		{A04E6051-0478-42DF-ABE1-B56DBE06266A}.Debug|Any CPU.ActiveCfg = Debug|Any CPU
		{A04E6051-0478-42DF-ABE1-B56DBE06266A}.Debug|Any CPU.Build.0 = Debug|Any CPU
		{A04E6051-0478-42DF-ABE1-B56DBE06266A}.Release|Any CPU.ActiveCfg = Release|Any CPU
		{A04E6051-0478-42DF-ABE1-B56DBE06266A}.Release|Any CPU.Build.0 = Release|Any CPU
		{8AC98404-1927-4D6C-86A9-DC78B1CD7DD2}.Debug|Any CPU.ActiveCfg = Debug|Any CPU
		{8AC98404-1927-4D6C-86A9-DC78B1CD7DD2}.Debug|Any CPU.Build.0 = Debug|Any CPU
		{8AC98404-1927-4D6C-86A9-DC78B1CD7DD2}.Release|Any CPU.ActiveCfg = Release|Any CPU
		{8AC98404-1927-4D6C-86A9-DC78B1CD7DD2}.Release|Any CPU.Build.0 = Release|Any CPU
		{6D1B103A-DD68-4AC3-A6A8-3232C2D6BD6E}.Debug|Any CPU.ActiveCfg = Debug|Any CPU
		{6D1B103A-DD68-4AC3-A6A8-3232C2D6BD6E}.Debug|Any CPU.Build.0 = Debug|Any CPU
		{6D1B103A-DD68-4AC3-A6A8-3232C2D6BD6E}.Release|Any CPU.ActiveCfg = Release|Any CPU
		{6D1B103A-DD68-4AC3-A6A8-3232C2D6BD6E}.Release|Any CPU.Build.0 = Release|Any CPU
		{F15EAE5D-A930-42F9-B518-7DEE40D176FE}.Debug|Any CPU.ActiveCfg = Debug|Any CPU
		{F15EAE5D-A930-42F9-B518-7DEE40D176FE}.Debug|Any CPU.Build.0 = Debug|Any CPU
		{F15EAE5D-A930-42F9-B518-7DEE40D176FE}.Release|Any CPU.ActiveCfg = Release|Any CPU
		{F15EAE5D-A930-42F9-B518-7DEE40D176FE}.Release|Any CPU.Build.0 = Release|Any CPU
		{811C51CF-E191-4E06-8808-6B008F4C9718}.Debug|Any CPU.ActiveCfg = Debug|Any CPU
		{811C51CF-E191-4E06-8808-6B008F4C9718}.Debug|Any CPU.Build.0 = Debug|Any CPU
		{811C51CF-E191-4E06-8808-6B008F4C9718}.Release|Any CPU.ActiveCfg = Release|Any CPU
		{811C51CF-E191-4E06-8808-6B008F4C9718}.Release|Any CPU.Build.0 = Release|Any CPU
		{4EEC9C44-9BDA-45A6-B87E-587B766EF6E1}.Debug|Any CPU.ActiveCfg = Debug|Any CPU
		{4EEC9C44-9BDA-45A6-B87E-587B766EF6E1}.Debug|Any CPU.Build.0 = Debug|Any CPU
		{4EEC9C44-9BDA-45A6-B87E-587B766EF6E1}.Release|Any CPU.ActiveCfg = Release|Any CPU
		{4EEC9C44-9BDA-45A6-B87E-587B766EF6E1}.Release|Any CPU.Build.0 = Release|Any CPU
		{18940BD1-2599-4E0D-8A31-F4A721DA363B}.Debug|Any CPU.ActiveCfg = Debug|Any CPU
		{18940BD1-2599-4E0D-8A31-F4A721DA363B}.Debug|Any CPU.Build.0 = Debug|Any CPU
		{18940BD1-2599-4E0D-8A31-F4A721DA363B}.Release|Any CPU.ActiveCfg = Release|Any CPU
		{18940BD1-2599-4E0D-8A31-F4A721DA363B}.Release|Any CPU.Build.0 = Release|Any CPU
	EndGlobalSection
	GlobalSection(SolutionProperties) = preSolution
		HideSolutionNode = FALSE
	EndGlobalSection
	GlobalSection(NestedProjects) = preSolution
		{95DC0D62-DB8F-4D48-80E5-8A27BD255BC7} = {E19A7CE8-935D-41AA-A4A5-643418365070}
		{E5A5663B-963D-45F2-AEF8-73D2B8BF7378} = {E19A7CE8-935D-41AA-A4A5-643418365070}
		{BE677F61-E4A7-425B-8802-D0E79F849615} = {E19A7CE8-935D-41AA-A4A5-643418365070}
		{EA5014E0-3AD0-4282-90C3-573B1BDAFF01} = {95DC0D62-DB8F-4D48-80E5-8A27BD255BC7}
		{A04E6051-0478-42DF-ABE1-B56DBE06266A} = {95DC0D62-DB8F-4D48-80E5-8A27BD255BC7}
		{8AC98404-1927-4D6C-86A9-DC78B1CD7DD2} = {E5A5663B-963D-45F2-AEF8-73D2B8BF7378}
		{6D1B103A-DD68-4AC3-A6A8-3232C2D6BD6E} = {BE677F61-E4A7-425B-8802-D0E79F849615}
		{F15EAE5D-A930-42F9-B518-7DEE40D176FE} = {5F73B212-6EFE-4B59-AFF2-1A17CDC2FB87}
		{811C51CF-E191-4E06-8808-6B008F4C9718} = {5F73B212-6EFE-4B59-AFF2-1A17CDC2FB87}
		{4EEC9C44-9BDA-45A6-B87E-587B766EF6E1} = {5F73B212-6EFE-4B59-AFF2-1A17CDC2FB87}
		{18940BD1-2599-4E0D-8A31-F4A721DA363B} = {E19A7CE8-935D-41AA-A4A5-643418365070}
	EndGlobalSection
	GlobalSection(ExtensibilityGlobals) = postSolution
		SolutionGuid = {9F42B6AB-876F-4013-81FE-83F2E2D703EE}
	EndGlobalSection
EndGlobal
